// !$*UTF8*$!
{
	archiveVersion = 1;
	classes = {
	};
	objectVersion = 56;
	objects = {

/* Begin PBXBuildFile section */
		3BC7EAA62A04AF8A00D870AF /* SydneyGPTApp.swift in Sources */ = {isa = PBXBuildFile; fileRef = 3BC7EAA52A04AF8A00D870AF /* SydneyGPTApp.swift */; };
		3BC7EAA82A04AF8A00D870AF /* ContentView.swift in Sources */ = {isa = PBXBuildFile; fileRef = 3BC7EAA72A04AF8A00D870AF /* ContentView.swift */; };
		3BC7EAAA2A04AF8B00D870AF /* Assets.xcassets in Resources */ = {isa = PBXBuildFile; fileRef = 3BC7EAA92A04AF8B00D870AF /* Assets.xcassets */; };
		3BC7EAAD2A04AF8B00D870AF /* Preview Assets.xcassets in Resources */ = {isa = PBXBuildFile; fileRef = 3BC7EAAC2A04AF8B00D870AF /* Preview Assets.xcassets */; };
		455005F12A04C4C800576E9A /* PythonKit in Frameworks */ = {isa = PBXBuildFile; productRef = 455005F02A04C4C800576E9A /* PythonKit */; };
/* End PBXBuildFile section */

/* Begin PBXFileReference section */
		3BC7EAA22A04AF8A00D870AF /* SydneyGPT.app */ = {isa = PBXFileReference; explicitFileType = wrapper.application; includeInIndex = 0; path = SydneyGPT.app; sourceTree = BUILT_PRODUCTS_DIR; };
		3BC7EAA52A04AF8A00D870AF /* SydneyGPTApp.swift */ = {isa = PBXFileReference; lastKnownFileType = sourcecode.swift; path = SydneyGPTApp.swift; sourceTree = "<group>"; };
		3BC7EAA72A04AF8A00D870AF /* ContentView.swift */ = {isa = PBXFileReference; lastKnownFileType = sourcecode.swift; path = ContentView.swift; sourceTree = "<group>"; };
		3BC7EAA92A04AF8B00D870AF /* Assets.xcassets */ = {isa = PBXFileReference; lastKnownFileType = folder.assetcatalog; path = Assets.xcassets; sourceTree = "<group>"; };
		3BC7EAAC2A04AF8B00D870AF /* Preview Assets.xcassets */ = {isa = PBXFileReference; lastKnownFileType = folder.assetcatalog; path = "Preview Assets.xcassets"; sourceTree = "<group>"; };
		455005F22A04CAEC00576E9A /* SydneyGPT.entitlements */ = {isa = PBXFileReference; lastKnownFileType = text.plist.entitlements; path = SydneyGPT.entitlements; sourceTree = "<group>"; };
/* End PBXFileReference section */

/* Begin PBXFrameworksBuildPhase section */
		3BC7EA9F2A04AF8A00D870AF /* Frameworks */ = {
			isa = PBXFrameworksBuildPhase;
			buildActionMask = 2147483647;
			files = (
				455005F12A04C4C800576E9A /* PythonKit in Frameworks */,
			);
			runOnlyForDeploymentPostprocessing = 0;
		};
/* End PBXFrameworksBuildPhase section */

/* Begin PBXGroup section */
		3BC7EA992A04AF8A00D870AF = {
			isa = PBXGroup;
			children = (
				455005F22A04CAEC00576E9A /* SydneyGPT.entitlements */,
				3BC7EAA42A04AF8A00D870AF /* SydneyGPT */,
				3BC7EAA32A04AF8A00D870AF /* Products */,
			);
			sourceTree = "<group>";
		};
		3BC7EAA32A04AF8A00D870AF /* Products */ = {
			isa = PBXGroup;
			children = (
				3BC7EAA22A04AF8A00D870AF /* SydneyGPT.app */,
			);
			name = Products;
			sourceTree = "<group>";
		};
		3BC7EAA42A04AF8A00D870AF /* SydneyGPT */ = {
			isa = PBXGroup;
			children = (
				3BC7EAA52A04AF8A00D870AF /* SydneyGPTApp.swift */,
				3BC7EAA72A04AF8A00D870AF /* ContentView.swift */,
				3BC7EAA92A04AF8B00D870AF /* Assets.xcassets */,
				3BC7EAAB2A04AF8B00D870AF /* Preview Content */,
			);
			path = SydneyGPT;
			sourceTree = "<group>";
		};
		3BC7EAAB2A04AF8B00D870AF /* Preview Content */ = {
			isa = PBXGroup;
			children = (
				3BC7EAAC2A04AF8B00D870AF /* Preview Assets.xcassets */,
			);
			path = "Preview Content";
			sourceTree = "<group>";
		};
/* End PBXGroup section */

/* Begin PBXNativeTarget section */
		3BC7EAA12A04AF8A00D870AF /* SydneyGPT */ = {
			isa = PBXNativeTarget;
			buildConfigurationList = 3BC7EAB02A04AF8B00D870AF /* Build configuration list for PBXNativeTarget "SydneyGPT" */;
			buildPhases = (
				3BC7EA9E2A04AF8A00D870AF /* Sources */,
				3BC7EA9F2A04AF8A00D870AF /* Frameworks */,
				3BC7EAA02A04AF8A00D870AF /* Resources */,
			);
			buildRules = (
			);
			dependencies = (
			);
			name = SydneyGPT;
			packageProductDependencies = (
				455005F02A04C4C800576E9A /* PythonKit */,
			);
			productName = SydneyGPT;
			productReference = 3BC7EAA22A04AF8A00D870AF /* SydneyGPT.app */;
			productType = "com.apple.product-type.application";
		};
/* End PBXNativeTarget section */

/* Begin PBXProject section */
		3BC7EA9A2A04AF8A00D870AF /* Project object */ = {
			isa = PBXProject;
			attributes = {
				BuildIndependentTargetsInParallel = 1;
				LastSwiftUpdateCheck = 1420;
				LastUpgradeCheck = 1420;
				TargetAttributes = {
					3BC7EAA12A04AF8A00D870AF = {
						CreatedOnToolsVersion = 14.2;
					};
				};
			};
			buildConfigurationList = 3BC7EA9D2A04AF8A00D870AF /* Build configuration list for PBXProject "SydneyGPT" */;
			compatibilityVersion = "Xcode 14.0";
			developmentRegion = en;
			hasScannedForEncodings = 0;
			knownRegions = (
				en,
				Base,
			);
			mainGroup = 3BC7EA992A04AF8A00D870AF;
			packageReferences = (
				455005EF2A04C4C800576E9A /* XCRemoteSwiftPackageReference "PythonKit" */,
			);
			productRefGroup = 3BC7EAA32A04AF8A00D870AF /* Products */;
			projectDirPath = "";
			projectRoot = "";
			targets = (
				3BC7EAA12A04AF8A00D870AF /* SydneyGPT */,
			);
		};
/* End PBXProject section */

/* Begin PBXResourcesBuildPhase section */
		3BC7EAA02A04AF8A00D870AF /* Resources */ = {
			isa = PBXResourcesBuildPhase;
			buildActionMask = 2147483647;
			files = (
				3BC7EAAD2A04AF8B00D870AF /* Preview Assets.xcassets in Resources */,
				3BC7EAAA2A04AF8B00D870AF /* Assets.xcassets in Resources */,
			);
			runOnlyForDeploymentPostprocessing = 0;
		};
/* End PBXResourcesBuildPhase section */

/* Begin PBXSourcesBuildPhase section */
		3BC7EA9E2A04AF8A00D870AF /* Sources */ = {
			isa = PBXSourcesBuildPhase;
			buildActionMask = 2147483647;
			files = (
				3BC7EAA82A04AF8A00D870AF /* ContentView.swift in Sources */,
				3BC7EAA62A04AF8A00D870AF /* SydneyGPTApp.swift in Sources */,
			);
			runOnlyForDeploymentPostprocessing = 0;
		};
/* End PBXSourcesBuildPhase section */

/* Begin XCBuildConfiguration section */
		3BC7EAAE2A04AF8B00D870AF /* Debug */ = {
			isa = XCBuildConfiguration;
			buildSettings = {
				ALWAYS_SEARCH_USER_PATHS = NO;
				CLANG_ANALYZER_NONNULL = YES;
				CLANG_ANALYZER_NUMBER_OBJECT_CONVERSION = YES_AGGRESSIVE;
				CLANG_CXX_LANGUAGE_STANDARD = "gnu++20";
				CLANG_ENABLE_MODULES = YES;
				CLANG_ENABLE_OBJC_ARC = YES;
				CLANG_ENABLE_OBJC_WEAK = YES;
				CLANG_WARN_BLOCK_CAPTURE_AUTORELEASING = YES;
				CLANG_WARN_BOOL_CONVERSION = YES;
				CLANG_WARN_COMMA = YES;
				CLANG_WARN_CONSTANT_CONVERSION = YES;
				CLANG_WARN_DEPRECATED_OBJC_IMPLEMENTATIONS = YES;
				CLANG_WARN_DIRECT_OBJC_ISA_USAGE = YES_ERROR;
				CLANG_WARN_DOCUMENTATION_COMMENTS = YES;
				CLANG_WARN_EMPTY_BODY = YES;
				CLANG_WARN_ENUM_CONVERSION = YES;
				CLANG_WARN_INFINITE_RECURSION = YES;
				CLANG_WARN_INT_CONVERSION = YES;
				CLANG_WARN_NON_LITERAL_NULL_CONVERSION = YES;
				CLANG_WARN_OBJC_IMPLICIT_RETAIN_SELF = YES;
				CLANG_WARN_OBJC_LITERAL_CONVERSION = YES;
				CLANG_WARN_OBJC_ROOT_CLASS = YES_ERROR;
				CLANG_WARN_QUOTED_INCLUDE_IN_FRAMEWORK_HEADER = YES;
				CLANG_WARN_RANGE_LOOP_ANALYSIS = YES;
				CLANG_WARN_STRICT_PROTOTYPES = YES;
				CLANG_WARN_SUSPICIOUS_MOVE = YES;
				CLANG_WARN_UNGUARDED_AVAILABILITY = YES_AGGRESSIVE;
				CLANG_WARN_UNREACHABLE_CODE = YES;
				CLANG_WARN__DUPLICATE_METHOD_MATCH = YES;
				COPY_PHASE_STRIP = NO;
				DEBUG_INFORMATION_FORMAT = dwarf;
				ENABLE_STRICT_OBJC_MSGSEND = YES;
				ENABLE_TESTABILITY = YES;
				GCC_C_LANGUAGE_STANDARD = gnu11;
				GCC_DYNAMIC_NO_PIC = NO;
				GCC_NO_COMMON_BLOCKS = YES;
				GCC_OPTIMIZATION_LEVEL = 0;
				GCC_PREPROCESSOR_DEFINITIONS = (
					"DEBUG=1",
					"$(inherited)",
				);
				GCC_WARN_64_TO_32_BIT_CONVERSION = YES;
				GCC_WARN_ABOUT_RETURN_TYPE = YES_ERROR;
				GCC_WARN_UNDECLARED_SELECTOR = YES;
				GCC_WARN_UNINITIALIZED_AUTOS = YES_AGGRESSIVE;
				GCC_WARN_UNUSED_FUNCTION = YES;
				GCC_WARN_UNUSED_VARIABLE = YES;
				IPHONEOS_DEPLOYMENT_TARGET = 16.2;
				MTL_ENABLE_DEBUG_INFO = INCLUDE_SOURCE;
				MTL_FAST_MATH = YES;
				ONLY_ACTIVE_ARCH = YES;
				SDKROOT = iphoneos;
				SWIFT_ACTIVE_COMPILATION_CONDITIONS = DEBUG;
				SWIFT_OPTIMIZATION_LEVEL = "-Onone";
			};
			name = Debug;
		};
		3BC7EAAF2A04AF8B00D870AF /* Release */ = {
			isa = XCBuildConfiguration;
			buildSettings = {
				ALWAYS_SEARCH_USER_PATHS = NO;
				CLANG_ANALYZER_NONNULL = YES;
				CLANG_ANALYZER_NUMBER_OBJECT_CONVERSION = YES_AGGRESSIVE;
				CLANG_CXX_LANGUAGE_STANDARD = "gnu++20";
				CLANG_ENABLE_MODULES = YES;
				CLANG_ENABLE_OBJC_ARC = YES;
				CLANG_ENABLE_OBJC_WEAK = YES;
				CLANG_WARN_BLOCK_CAPTURE_AUTORELEASING = YES;
				CLANG_WARN_BOOL_CONVERSION = YES;
				CLANG_WARN_COMMA = YES;
				CLANG_WARN_CONSTANT_CONVERSION = YES;
				CLANG_WARN_DEPRECATED_OBJC_IMPLEMENTATIONS = YES;
				CLANG_WARN_DIRECT_OBJC_ISA_USAGE = YES_ERROR;
				CLANG_WARN_DOCUMENTATION_COMMENTS = YES;
				CLANG_WARN_EMPTY_BODY = YES;
				CLANG_WARN_ENUM_CONVERSION = YES;
				CLANG_WARN_INFINITE_RECURSION = YES;
				CLANG_WARN_INT_CONVERSION = YES;
				CLANG_WARN_NON_LITERAL_NULL_CONVERSION = YES;
				CLANG_WARN_OBJC_IMPLICIT_RETAIN_SELF = YES;
				CLANG_WARN_OBJC_LITERAL_CONVERSION = YES;
				CLANG_WARN_OBJC_ROOT_CLASS = YES_ERROR;
				CLANG_WARN_QUOTED_INCLUDE_IN_FRAMEWORK_HEADER = YES;
				CLANG_WARN_RANGE_LOOP_ANALYSIS = YES;
				CLANG_WARN_STRICT_PROTOTYPES = YES;
				CLANG_WARN_SUSPICIOUS_MOVE = YES;
				CLANG_WARN_UNGUARDED_AVAILABILITY = YES_AGGRESSIVE;
				CLANG_WARN_UNREACHABLE_CODE = YES;
				CLANG_WARN__DUPLICATE_METHOD_MATCH = YES;
				COPY_PHASE_STRIP = NO;
				DEBUG_INFORMATION_FORMAT = "dwarf-with-dsym";
				ENABLE_NS_ASSERTIONS = NO;
				ENABLE_STRICT_OBJC_MSGSEND = YES;
				GCC_C_LANGUAGE_STANDARD = gnu11;
				GCC_NO_COMMON_BLOCKS = YES;
				GCC_WARN_64_TO_32_BIT_CONVERSION = YES;
				GCC_WARN_ABOUT_RETURN_TYPE = YES_ERROR;
				GCC_WARN_UNDECLARED_SELECTOR = YES;
				GCC_WARN_UNINITIALIZED_AUTOS = YES_AGGRESSIVE;
				GCC_WARN_UNUSED_FUNCTION = YES;
				GCC_WARN_UNUSED_VARIABLE = YES;
				IPHONEOS_DEPLOYMENT_TARGET = 16.2;
				MTL_ENABLE_DEBUG_INFO = NO;
				MTL_FAST_MATH = YES;
				SDKROOT = iphoneos;
				SWIFT_COMPILATION_MODE = wholemodule;
				SWIFT_OPTIMIZATION_LEVEL = "-O";
				VALIDATE_PRODUCT = YES;
			};
			name = Release;
		};
		3BC7EAB12A04AF8B00D870AF /* Debug */ = {
			isa = XCBuildConfiguration;
			buildSettings = {
				ASSETCATALOG_COMPILER_APPICON_NAME = AppIcon;
				ASSETCATALOG_COMPILER_GLOBAL_ACCENT_COLOR_NAME = AccentColor;
				CODE_SIGN_STYLE = Automatic;
				CURRENT_PROJECT_VERSION = 1;
				DEVELOPMENT_ASSET_PATHS = "\"SydneyGPT/Preview Content\"";
				DEVELOPMENT_TEAM = T46SJSH39T;
				ENABLE_PREVIEWS = YES;
				GENERATE_INFOPLIST_FILE = YES;
				INFOPLIST_KEY_NSMicrophoneUsageDescription = "We need this bro";
				INFOPLIST_KEY_UIApplicationSceneManifest_Generation = YES;
				INFOPLIST_KEY_UILaunchScreen_Generation = YES;
				INFOPLIST_KEY_UISupportedInterfaceOrientations_iPad = "UIInterfaceOrientationPortrait UIInterfaceOrientationPortraitUpsideDown UIInterfaceOrientationLandscapeLeft UIInterfaceOrientationLandscapeRight";
				INFOPLIST_KEY_UISupportedInterfaceOrientations_iPhone = "UIInterfaceOrientationPortrait UIInterfaceOrientationLandscapeLeft UIInterfaceOrientationLandscapeRight";
				LD_RUNPATH_SEARCH_PATHS = (
					"$(inherited)",
					"@executable_path/Frameworks",
				);
				MARKETING_VERSION = 1.0;
				PRODUCT_BUNDLE_IDENTIFIER = jsphrs.SydneyGPT;
				PRODUCT_NAME = "$(TARGET_NAME)";
				SWIFT_EMIT_LOC_STRINGS = YES;
				SWIFT_VERSION = 5.0;
				TARGETED_DEVICE_FAMILY = "1,2";
			};
			name = Debug;
		};
		3BC7EAB22A04AF8B00D870AF /* Release */ = {
			isa = XCBuildConfiguration;
			buildSettings = {
				ASSETCATALOG_COMPILER_APPICON_NAME = AppIcon;
				ASSETCATALOG_COMPILER_GLOBAL_ACCENT_COLOR_NAME = AccentColor;
				CODE_SIGN_STYLE = Automatic;
				CURRENT_PROJECT_VERSION = 1;
				DEVELOPMENT_ASSET_PATHS = "\"SydneyGPT/Preview Content\"";
				DEVELOPMENT_TEAM = T46SJSH39T;
				ENABLE_PREVIEWS = YES;
				GENERATE_INFOPLIST_FILE = YES;
				INFOPLIST_KEY_NSMicrophoneUsageDescription = "We need this bro";
				INFOPLIST_KEY_UIApplicationSceneManifest_Generation = YES;
				INFOPLIST_KEY_UILaunchScreen_Generation = YES;
				INFOPLIST_KEY_UISupportedInterfaceOrientations_iPad = "UIInterfaceOrientationPortrait UIInterfaceOrientationPortraitUpsideDown UIInterfaceOrientationLandscapeLeft UIInterfaceOrientationLandscapeRight";
				INFOPLIST_KEY_UISupportedInterfaceOrientations_iPhone = "UIInterfaceOrientationPortrait UIInterfaceOrientationLandscapeLeft UIInterfaceOrientationLandscapeRight";
				LD_RUNPATH_SEARCH_PATHS = (
					"$(inherited)",
					"@executable_path/Frameworks",
				);
				MARKETING_VERSION = 1.0;
				PRODUCT_BUNDLE_IDENTIFIER = jsphrs.SydneyGPT;
				PRODUCT_NAME = "$(TARGET_NAME)";
				SWIFT_EMIT_LOC_STRINGS = YES;
				SWIFT_VERSION = 5.0;
				TARGETED_DEVICE_FAMILY = "1,2";
			};
			name = Release;
		};
/* End XCBuildConfiguration section */

/* Begin XCConfigurationList section */
		3BC7EA9D2A04AF8A00D870AF /* Build configuration list for PBXProject "SydneyGPT" */ = {
			isa = XCConfigurationList;
			buildConfigurations = (
				3BC7EAAE2A04AF8B00D870AF /* Debug */,
				3BC7EAAF2A04AF8B00D870AF /* Release */,
			);
			defaultConfigurationIsVisible = 0;
			defaultConfigurationName = Release;
		};
		3BC7EAB02A04AF8B00D870AF /* Build configuration list for PBXNativeTarget "SydneyGPT" */ = {
			isa = XCConfigurationList;
			buildConfigurations = (
				3BC7EAB12A04AF8B00D870AF /* Debug */,
				3BC7EAB22A04AF8B00D870AF /* Release */,
			);
			defaultConfigurationIsVisible = 0;
			defaultConfigurationName = Release;
		};
/* End XCConfigurationList section */

/* Begin XCRemoteSwiftPackageReference section */
		455005EF2A04C4C800576E9A /* XCRemoteSwiftPackageReference "PythonKit" */ = {
			isa = XCRemoteSwiftPackageReference;
			repositoryURL = "https://github.com/pvieito/PythonKit";
			requirement = {
				branch = master;
				kind = branch;
			};
		};
/* End XCRemoteSwiftPackageReference section */

/* Begin XCSwiftPackageProductDependency section */
		455005F02A04C4C800576E9A /* PythonKit */ = {
			isa = XCSwiftPackageProductDependency;
			package = 455005EF2A04C4C800576E9A /* XCRemoteSwiftPackageReference "PythonKit" */;
			productName = PythonKit;
		};
/* End XCSwiftPackageProductDependency section */
	};
	rootObject = 3BC7EA9A2A04AF8A00D870AF /* Project object */;
}
